{
    "requires": true,
    "lockfileVersion": 1,
    "dependencies": {
        "datatables.net": {
            "version": "1.10.19",
            "resolved": "https://registry.npmjs.org/datatables.net/-/datatables.net-1.10.19.tgz",
            "integrity": "sha512-+ljXcI6Pj3PTGy5pesp3E5Dr3x3AV45EZe0o1r0gKENN2gafBKXodVnk2ypKwl2tTmivjxbkiqoWnipTefyBTA==",
            "requires": {
                "jquery": ">=1.7"
            }
        },
        "datatables.net-buttons": {
            "version": "1.5.6",
            "resolved": "https://registry.npmjs.org/datatables.net-buttons/-/datatables.net-buttons-1.5.6.tgz",
            "integrity": "sha512-FlJtjQ8dsr6xeHWETUCtUJEa7ZqKlphFb22+LXZs80LmJqpVbW84BkppwSoKK+F4k8eRr1tYr38dxcCvIIy0rw==",
            "requires": {
                "datatables.net": "^1.10.15",
                "jquery": ">=1.7"
            }
        },
        "jquery": {
            "version": "3.4.1",
            "resolved": "https://registry.npmjs.org/jquery/-/jquery-3.4.1.tgz",
            "integrity": "sha512-36+AdBzCL+y6qjw5Tx7HgzeGCzC81MDDgaUP8ld2zhx58HdqXGoBd+tHdrBMiyjGQs0Hxs/MLZTu/eHNJJuWPw=="
        }
    }
}
